{
  "name": "ha-voice-hermes-home-assistant-app-runtime",
  "version": "0.1.0",
  "lockfileVersion": 3,
  "requires": true,
  "packages": {
    "": {
      "name": "ha-voice-hermes-home-assistant-app-runtime",
      "version": "0.1.0",
      "license": "MIT AND Apache-2.0",
      "dependencies": {
        "workerd": "1.20260708.1"
      }
    },
    "node_modules/@cloudflare/workerd-darwin-64": {
      "version": "1.20260708.1",
      "resolved": "https://registry.npmjs.org/@cloudflare/workerd-darwin-64/-/workerd-darwin-64-1.20260708.1.tgz",
      "integrity": "sha512-HXFCvhS1wpg3uXO0CLUwmwC41i2loM5FSK69EUchOBpmYBAXxT1oHLm6EOA5lqhTk5Mu9kjRiQYxa1GwKPwfJg==",
      "cpu": [
        "x64"
      ],
      "license": "Apache-2.0",
      "optional": true,
      "os": [
        "darwin"
      ],
      "engines": {
        "node": ">=16"
      }
    },
    "node_modules/@cloudflare/workerd-darwin-arm64": {
      "version": "1.20260708.1",
      "resolved": "https://registry.npmjs.org/@cloudflare/workerd-darwin-arm64/-/workerd-darwin-arm64-1.20260708.1.tgz",
      "integrity": "sha512-JVlJaKDoRTVKSroHIlf8g3UCPjKj4iDbMZE2CNYht5qQ+2rL0FAUiVlV82G3BqKnnw9kHYnnsMzC08b9zVtdzA==",
      "cpu": [
        "arm64"
      ],
      "license": "Apache-2.0",
      "optional": true,
      "os": [
        "darwin"
      ],
      "engines": {
        "node": ">=16"
      }
    },
    "node_modules/@cloudflare/workerd-linux-64": {
      "version": "1.20260708.1",
      "resolved": "https://registry.npmjs.org/@cloudflare/workerd-linux-64/-/workerd-linux-64-1.20260708.1.tgz",
      "integrity": "sha512-3daE60YdD7YX0Jtuzc9DE/r/qMkmx8ZvHTkF8Mzmp3F5tbzlV0DAzmu5PFUPF2WuvtKbAhZKbvC2cHmWpQYxnA==",
      "cpu": [
        "x64"
      ],
      "license": "Apache-2.0",
      "optional": true,
      "os": [
        "linux"
      ],
      "engines": {
        "node": ">=16"
      }
    },
    "node_modules/@cloudflare/workerd-linux-arm64": {
      "version": "1.20260708.1",
      "resolved": "https://registry.npmjs.org/@cloudflare/workerd-linux-arm64/-/workerd-linux-arm64-1.20260708.1.tgz",
      "integrity": "sha512-VLdNYOx5Hj+9C6isy0ACWZsbMtSxex2DIJWEe7cZxUdlphZ58ZT8zxNXK8yunFiowd34hn3VwGMopdvdj8lvmA==",
      "cpu": [
        "arm64"
      ],
      "license": "Apache-2.0",
      "optional": true,
      "os": [
        "linux"
      ],
      "engines": {
        "node": ">=16"
      }
    },
    "node_modules/@cloudflare/workerd-windows-64": {
      "version": "1.20260708.1",
      "resolved": "https://registry.npmjs.org/@cloudflare/workerd-windows-64/-/workerd-windows-64-1.20260708.1.tgz",
      "integrity": "sha512-bC/aSAwLy16Vjo24i9XU3aWH+eRgz7NeR5xPKavGbembO18ZywYTQbXh14eXtY6fAqN3RzRG8psijTdhX4xydA==",
      "cpu": [
        "x64"
      ],
      "license": "Apache-2.0",
      "optional": true,
      "os": [
        "win32"
      ],
      "engines": {
        "node": ">=16"
      }
    },
    "node_modules/workerd": {
      "version": "1.20260708.1",
      "resolved": "https://registry.npmjs.org/workerd/-/workerd-1.20260708.1.tgz",
      "integrity": "sha512-WAK+Kt/VVCSldH2qSr8lx46XCJ4Q+bdlHNaFqUtOHthBEIB8C1N8HVW+VOLrxDoTCk0NGNv0zajnBeQK4JOB9w==",
      "hasInstallScript": true,
      "license": "Apache-2.0",
      "bin": {
        "workerd": "bin/workerd"
      },
      "engines": {
        "node": ">=16"
      },
      "optionalDependencies": {
        "@cloudflare/workerd-darwin-64": "1.20260708.1",
        "@cloudflare/workerd-darwin-arm64": "1.20260708.1",
        "@cloudflare/workerd-linux-64": "1.20260708.1",
        "@cloudflare/workerd-linux-arm64": "1.20260708.1",
        "@cloudflare/workerd-windows-64": "1.20260708.1"
      }
    }
  }
}
